// !$*UTF8*$!
{
	archiveVersion = 1;
	classes = {
	};
	objectVersion = 46;
	objects = {

/* Begin PBXBuildFile section */
		A01AA61016F1820B0042A2F0 /* UIKit.framework in Frameworks */ = {isa = PBXBuildFile; fileRef = A01AA60F16F1820B0042A2F0 /* UIKit.framework */; };
		A01AA61216F1820B0042A2F0 /* Foundation.framework in Frameworks */ = {isa = PBXBuildFile; fileRef = A01AA61116F1820B0042A2F0 /* Foundation.framework */; };
		A01AA61416F1820B0042A2F0 /* CoreGraphics.framework in Frameworks */ = {isa = PBXBuildFile; fileRef = A01AA61316F1820B0042A2F0 /* CoreGraphics.framework */; };
		A01AA61A16F1820B0042A2F0 /* InfoPlist.strings in Resources */ = {isa = PBXBuildFile; fileRef = A01AA61816F1820B0042A2F0 /* InfoPlist.strings */; };
		A01AA61C16F1820B0042A2F0 /* main.m in Sources */ = {isa = PBXBuildFile; fileRef = A01AA61B16F1820B0042A2F0 /* main.m */; };
		A01AA62016F1820B0042A2F0 /* AppDelegate.m in Sources */ = {isa = PBXBuildFile; fileRef = A01AA61F16F1820B0042A2F0 /* AppDelegate.m */; };
		A01AA62216F1820B0042A2F0 /* Default.png in Resources */ = {isa = PBXBuildFile; fileRef = A01AA62116F1820B0042A2F0 /* Default.png */; };
		A01AA62416F1820B0042A2F0 /* Default@2x.png in Resources */ = {isa = PBXBuildFile; fileRef = A01AA62316F1820B0042A2F0 /* Default@2x.png */; };
		A01AA62616F1820B0042A2F0 /* Default-568h@2x.png in Resources */ = {isa = PBXBuildFile; fileRef = A01AA62516F1820B0042A2F0 /* Default-568h@2x.png */; };
		A01AA62916F1820B0042A2F0 /* ViewController.m in Sources */ = {isa = PBXBuildFile; fileRef = A01AA62816F1820B0042A2F0 /* ViewController.m */; };
		A01AA62C16F1820B0042A2F0 /* ViewController.xib in Resources */ = {isa = PBXBuildFile; fileRef = A01AA62A16F1820B0042A2F0 /* ViewController.xib */; };
		A01AA63616F1822A0042A2F0 /* 圆1.png in Resources */ = {isa = PBXBuildFile; fileRef = A01AA63216F1822A0042A2F0 /* 圆1.png */; };
		A01AA63716F1822A0042A2F0 /* 圆1@2x.png in Resources */ = {isa = PBXBuildFile; fileRef = A01AA63316F1822A0042A2F0 /* 圆1@2x.png */; };
		A01AA63816F1822A0042A2F0 /* 圆2.png in Resources */ = {isa = PBXBuildFile; fileRef = A01AA63416F1822A0042A2F0 /* 圆2.png */; };
		A01AA63916F1822A0042A2F0 /* 圆2@2x.png in Resources */ = {isa = PBXBuildFile; fileRef = A01AA63516F1822A0042A2F0 /* 圆2@2x.png */; };
		A01AA63C16F182750042A2F0 /* SingleSelectionView.m in Sources */ = {isa = PBXBuildFile; fileRef = A01AA63B16F182750042A2F0 /* SingleSelectionView.m */; };
/* End PBXBuildFile section */

/* Begin PBXFileReference section */
		A01AA60B16F1820B0042A2F0 /* SingleSelectionView.app */ = {isa = PBXFileReference; explicitFileType = wrapper.application; includeInIndex = 0; path = SingleSelectionView.app; sourceTree = BUILT_PRODUCTS_DIR; };
		A01AA60F16F1820B0042A2F0 /* UIKit.framework */ = {isa = PBXFileReference; lastKnownFileType = wrapper.framework; name = UIKit.framework; path = System/Library/Frameworks/UIKit.framework; sourceTree = SDKROOT; };
		A01AA61116F1820B0042A2F0 /* Foundation.framework */ = {isa = PBXFileReference; lastKnownFileType = wrapper.framework; name = Foundation.framework; path = System/Library/Frameworks/Foundation.framework; sourceTree = SDKROOT; };
		A01AA61316F1820B0042A2F0 /* CoreGraphics.framework */ = {isa = PBXFileReference; lastKnownFileType = wrapper.framework; name = CoreGraphics.framework; path = System/Library/Frameworks/CoreGraphics.framework; sourceTree = SDKROOT; };
		A01AA61716F1820B0042A2F0 /* SingleSelectionView-Info.plist */ = {isa = PBXFileReference; lastKnownFileType = text.plist.xml; path = "SingleSelectionView-Info.plist"; sourceTree = "<group>"; };
		A01AA61916F1820B0042A2F0 /* en */ = {isa = PBXFileReference; lastKnownFileType = text.plist.strings; name = en; path = en.lproj/InfoPlist.strings; sourceTree = "<group>"; };
		A01AA61B16F1820B0042A2F0 /* main.m */ = {isa = PBXFileReference; lastKnownFileType = sourcecode.c.objc; path = main.m; sourceTree = "<group>"; };
		A01AA61D16F1820B0042A2F0 /* SingleSelectionView-Prefix.pch */ = {isa = PBXFileReference; lastKnownFileType = sourcecode.c.h; path = "SingleSelectionView-Prefix.pch"; sourceTree = "<group>"; };
		A01AA61E16F1820B0042A2F0 /* AppDelegate.h */ = {isa = PBXFileReference; lastKnownFileType = sourcecode.c.h; path = AppDelegate.h; sourceTree = "<group>"; };
		A01AA61F16F1820B0042A2F0 /* AppDelegate.m */ = {isa = PBXFileReference; lastKnownFileType = sourcecode.c.objc; path = AppDelegate.m; sourceTree = "<group>"; };
		A01AA62116F1820B0042A2F0 /* Default.png */ = {isa = PBXFileReference; lastKnownFileType = image.png; path = Default.png; sourceTree = "<group>"; };
		A01AA62316F1820B0042A2F0 /* Default@2x.png */ = {isa = PBXFileReference; lastKnownFileType = image.png; path = "Default@2x.png"; sourceTree = "<group>"; };
		A01AA62516F1820B0042A2F0 /* Default-568h@2x.png */ = {isa = PBXFileReference; lastKnownFileType = image.png; path = "Default-568h@2x.png"; sourceTree = "<group>"; };
		A01AA62716F1820B0042A2F0 /* ViewController.h */ = {isa = PBXFileReference; lastKnownFileType = sourcecode.c.h; path = ViewController.h; sourceTree = "<group>"; };
		A01AA62816F1820B0042A2F0 /* ViewController.m */ = {isa = PBXFileReference; lastKnownFileType = sourcecode.c.objc; path = ViewController.m; sourceTree = "<group>"; };
		A01AA62B16F1820B0042A2F0 /* en */ = {isa = PBXFileReference; lastKnownFileType = file.xib; name = en; path = en.lproj/ViewController.xib; sourceTree = "<group>"; };
		A01AA63216F1822A0042A2F0 /* 圆1.png */ = {isa = PBXFileReference; lastKnownFileType = image.png; path = "圆1.png"; sourceTree = "<group>"; };
		A01AA63316F1822A0042A2F0 /* 圆1@2x.png */ = {isa = PBXFileReference; lastKnownFileType = image.png; path = "圆1@2x.png"; sourceTree = "<group>"; };
		A01AA63416F1822A0042A2F0 /* 圆2.png */ = {isa = PBXFileReference; lastKnownFileType = image.png; path = "圆2.png"; sourceTree = "<group>"; };
		A01AA63516F1822A0042A2F0 /* 圆2@2x.png */ = {isa = PBXFileReference; lastKnownFileType = image.png; path = "圆2@2x.png"; sourceTree = "<group>"; };
		A01AA63A16F182750042A2F0 /* SingleSelectionView.h */ = {isa = PBXFileReference; fileEncoding = 4; lastKnownFileType = sourcecode.c.h; path = SingleSelectionView.h; sourceTree = "<group>"; };
		A01AA63B16F182750042A2F0 /* SingleSelectionView.m */ = {isa = PBXFileReference; fileEncoding = 4; lastKnownFileType = sourcecode.c.objc; path = SingleSelectionView.m; sourceTree = "<group>"; };
/* End PBXFileReference section */

/* Begin PBXFrameworksBuildPhase section */
		A01AA60816F1820B0042A2F0 /* Frameworks */ = {
			isa = PBXFrameworksBuildPhase;
			buildActionMask = 2147483647;
			files = (
				A01AA61016F1820B0042A2F0 /* UIKit.framework in Frameworks */,
				A01AA61216F1820B0042A2F0 /* Foundation.framework in Frameworks */,
				A01AA61416F1820B0042A2F0 /* CoreGraphics.framework in Frameworks */,
			);
			runOnlyForDeploymentPostprocessing = 0;
		};
/* End PBXFrameworksBuildPhase section */

/* Begin PBXGroup section */
		A01AA60016F1820B0042A2F0 = {
			isa = PBXGroup;
			children = (
				A01AA61516F1820B0042A2F0 /* SingleSelectionView */,
				A01AA60E16F1820B0042A2F0 /* Frameworks */,
				A01AA60C16F1820B0042A2F0 /* Products */,
			);
			sourceTree = "<group>";
		};
		A01AA60C16F1820B0042A2F0 /* Products */ = {
			isa = PBXGroup;
			children = (
				A01AA60B16F1820B0042A2F0 /* SingleSelectionView.app */,
			);
			name = Products;
			sourceTree = "<group>";
		};
		A01AA60E16F1820B0042A2F0 /* Frameworks */ = {
			isa = PBXGroup;
			children = (
				A01AA60F16F1820B0042A2F0 /* UIKit.framework */,
				A01AA61116F1820B0042A2F0 /* Foundation.framework */,
				A01AA61316F1820B0042A2F0 /* CoreGraphics.framework */,
			);
			name = Frameworks;
			sourceTree = "<group>";
		};
		A01AA61516F1820B0042A2F0 /* SingleSelectionView */ = {
			isa = PBXGroup;
			children = (
				A01AA61E16F1820B0042A2F0 /* AppDelegate.h */,
				A01AA61F16F1820B0042A2F0 /* AppDelegate.m */,
				A01AA62716F1820B0042A2F0 /* ViewController.h */,
				A01AA62816F1820B0042A2F0 /* ViewController.m */,
				A01AA63A16F182750042A2F0 /* SingleSelectionView.h */,
				A01AA63B16F182750042A2F0 /* SingleSelectionView.m */,
				A01AA62A16F1820B0042A2F0 /* ViewController.xib */,
				A01AA63216F1822A0042A2F0 /* 圆1.png */,
				A01AA63316F1822A0042A2F0 /* 圆1@2x.png */,
				A01AA63416F1822A0042A2F0 /* 圆2.png */,
				A01AA63516F1822A0042A2F0 /* 圆2@2x.png */,
				A01AA61616F1820B0042A2F0 /* Supporting Files */,
			);
			path = SingleSelectionView;
			sourceTree = "<group>";
		};
		A01AA61616F1820B0042A2F0 /* Supporting Files */ = {
			isa = PBXGroup;
			children = (
				A01AA61716F1820B0042A2F0 /* SingleSelectionView-Info.plist */,
				A01AA61816F1820B0042A2F0 /* InfoPlist.strings */,
				A01AA61B16F1820B0042A2F0 /* main.m */,
				A01AA61D16F1820B0042A2F0 /* SingleSelectionView-Prefix.pch */,
				A01AA62116F1820B0042A2F0 /* Default.png */,
				A01AA62316F1820B0042A2F0 /* Default@2x.png */,
				A01AA62516F1820B0042A2F0 /* Default-568h@2x.png */,
			);
			name = "Supporting Files";
			sourceTree = "<group>";
		};
/* End PBXGroup section */

/* Begin PBXNativeTarget section */
		A01AA60A16F1820B0042A2F0 /* SingleSelectionView */ = {
			isa = PBXNativeTarget;
			buildConfigurationList = A01AA62F16F1820B0042A2F0 /* Build configuration list for PBXNativeTarget "SingleSelectionView" */;
			buildPhases = (
				A01AA60716F1820B0042A2F0 /* Sources */,
				A01AA60816F1820B0042A2F0 /* Frameworks */,
				A01AA60916F1820B0042A2F0 /* Resources */,
			);
			buildRules = (
			);
			dependencies = (
			);
			name = SingleSelectionView;
			productName = SingleSelectionView;
			productReference = A01AA60B16F1820B0042A2F0 /* SingleSelectionView.app */;
			productType = "com.apple.product-type.application";
		};
/* End PBXNativeTarget section */

/* Begin PBXProject section */
		A01AA60216F1820B0042A2F0 /* Project object */ = {
			isa = PBXProject;
			attributes = {
				LastUpgradeCheck = 0450;
				ORGANIZATIONNAME = wch;
			};
			buildConfigurationList = A01AA60516F1820B0042A2F0 /* Build configuration list for PBXProject "SingleSelectionView" */;
			compatibilityVersion = "Xcode 3.2";
			developmentRegion = English;
			hasScannedForEncodings = 0;
			knownRegions = (
				en,
			);
			mainGroup = A01AA60016F1820B0042A2F0;
			productRefGroup = A01AA60C16F1820B0042A2F0 /* Products */;
			projectDirPath = "";
			projectRoot = "";
			targets = (
				A01AA60A16F1820B0042A2F0 /* SingleSelectionView */,
			);
		};
/* End PBXProject section */

/* Begin PBXResourcesBuildPhase section */
		A01AA60916F1820B0042A2F0 /* Resources */ = {
			isa = PBXResourcesBuildPhase;
			buildActionMask = 2147483647;
			files = (
				A01AA61A16F1820B0042A2F0 /* InfoPlist.strings in Resources */,
				A01AA62216F1820B0042A2F0 /* Default.png in Resources */,
				A01AA62416F1820B0042A2F0 /* Default@2x.png in Resources */,
				A01AA62616F1820B0042A2F0 /* Default-568h@2x.png in Resources */,
				A01AA62C16F1820B0042A2F0 /* ViewController.xib in Resources */,
				A01AA63616F1822A0042A2F0 /* 圆1.png in Resources */,
				A01AA63716F1822A0042A2F0 /* 圆1@2x.png in Resources */,
				A01AA63816F1822A0042A2F0 /* 圆2.png in Resources */,
				A01AA63916F1822A0042A2F0 /* 圆2@2x.png in Resources */,
			);
			runOnlyForDeploymentPostprocessing = 0;
		};
/* End PBXResourcesBuildPhase section */

/* Begin PBXSourcesBuildPhase section */
		A01AA60716F1820B0042A2F0 /* Sources */ = {
			isa = PBXSourcesBuildPhase;
			buildActionMask = 2147483647;
			files = (
				A01AA61C16F1820B0042A2F0 /* main.m in Sources */,
				A01AA62016F1820B0042A2F0 /* AppDelegate.m in Sources */,
				A01AA62916F1820B0042A2F0 /* ViewController.m in Sources */,
				A01AA63C16F182750042A2F0 /* SingleSelectionView.m in Sources */,
			);
			runOnlyForDeploymentPostprocessing = 0;
		};
/* End PBXSourcesBuildPhase section */

/* Begin PBXVariantGroup section */
		A01AA61816F1820B0042A2F0 /* InfoPlist.strings */ = {
			isa = PBXVariantGroup;
			children = (
				A01AA61916F1820B0042A2F0 /* en */,
			);
			name = InfoPlist.strings;
			sourceTree = "<group>";
		};
		A01AA62A16F1820B0042A2F0 /* ViewController.xib */ = {
			isa = PBXVariantGroup;
			children = (
				A01AA62B16F1820B0042A2F0 /* en */,
			);
			name = ViewController.xib;
			sourceTree = "<group>";
		};
/* End PBXVariantGroup section */

/* Begin XCBuildConfiguration section */
		A01AA62D16F1820B0042A2F0 /* Debug */ = {
			isa = XCBuildConfiguration;
			buildSettings = {
				ALWAYS_SEARCH_USER_PATHS = NO;
				CLANG_CXX_LANGUAGE_STANDARD = "gnu++0x";
				CLANG_CXX_LIBRARY = "libc++";
				CLANG_WARN_EMPTY_BODY = YES;
				CLANG_WARN__DUPLICATE_METHOD_MATCH = YES;
				"CODE_SIGN_IDENTITY[sdk=iphoneos*]" = "iPhone Developer";
				COPY_PHASE_STRIP = NO;
				GCC_C_LANGUAGE_STANDARD = gnu99;
				GCC_DYNAMIC_NO_PIC = NO;
				GCC_OPTIMIZATION_LEVEL = 0;
				GCC_PREPROCESSOR_DEFINITIONS = (
					"DEBUG=1",
					"$(inherited)",
				);
				GCC_SYMBOLS_PRIVATE_EXTERN = NO;
				GCC_WARN_ABOUT_RETURN_TYPE = YES;
				GCC_WARN_UNINITIALIZED_AUTOS = YES;
				GCC_WARN_UNUSED_VARIABLE = YES;
				IPHONEOS_DEPLOYMENT_TARGET = 6.0;
				ONLY_ACTIVE_ARCH = YES;
				SDKROOT = iphoneos;
			};
			name = Debug;
		};
		A01AA62E16F1820B0042A2F0 /* Release */ = {
			isa = XCBuildConfiguration;
			buildSettings = {
				ALWAYS_SEARCH_USER_PATHS = NO;
				CLANG_CXX_LANGUAGE_STANDARD = "gnu++0x";
				CLANG_CXX_LIBRARY = "libc++";
				CLANG_WARN_EMPTY_BODY = YES;
				CLANG_WARN__DUPLICATE_METHOD_MATCH = YES;
				"CODE_SIGN_IDENTITY[sdk=iphoneos*]" = "iPhone Developer";
				COPY_PHASE_STRIP = YES;
				GCC_C_LANGUAGE_STANDARD = gnu99;
				GCC_WARN_ABOUT_RETURN_TYPE = YES;
				GCC_WARN_UNINITIALIZED_AUTOS = YES;
				GCC_WARN_UNUSED_VARIABLE = YES;
				IPHONEOS_DEPLOYMENT_TARGET = 6.0;
				OTHER_CFLAGS = "-DNS_BLOCK_ASSERTIONS=1";
				SDKROOT = iphoneos;
				VALIDATE_PRODUCT = YES;
			};
			name = Release;
		};
		A01AA63016F1820B0042A2F0 /* Debug */ = {
			isa = XCBuildConfiguration;
			buildSettings = {
				GCC_PRECOMPILE_PREFIX_HEADER = YES;
				GCC_PREFIX_HEADER = "SingleSelectionView/SingleSelectionView-Prefix.pch";
				INFOPLIST_FILE = "SingleSelectionView/SingleSelectionView-Info.plist";
				PRODUCT_NAME = "$(TARGET_NAME)";
				WRAPPER_EXTENSION = app;
			};
			name = Debug;
		};
		A01AA63116F1820B0042A2F0 /* Release */ = {
			isa = XCBuildConfiguration;
			buildSettings = {
				GCC_PRECOMPILE_PREFIX_HEADER = YES;
				GCC_PREFIX_HEADER = "SingleSelectionView/SingleSelectionView-Prefix.pch";
				INFOPLIST_FILE = "SingleSelectionView/SingleSelectionView-Info.plist";
				PRODUCT_NAME = "$(TARGET_NAME)";
				WRAPPER_EXTENSION = app;
			};
			name = Release;
		};
/* End XCBuildConfiguration section */

/* Begin XCConfigurationList section */
		A01AA60516F1820B0042A2F0 /* Build configuration list for PBXProject "SingleSelectionView" */ = {
			isa = XCConfigurationList;
			buildConfigurations = (
				A01AA62D16F1820B0042A2F0 /* Debug */,
				A01AA62E16F1820B0042A2F0 /* Release */,
			);
			defaultConfigurationIsVisible = 0;
			defaultConfigurationName = Release;
		};
		A01AA62F16F1820B0042A2F0 /* Build configuration list for PBXNativeTarget "SingleSelectionView" */ = {
			isa = XCConfigurationList;
			buildConfigurations = (
				A01AA63016F1820B0042A2F0 /* Debug */,
				A01AA63116F1820B0042A2F0 /* Release */,
			);
			defaultConfigurationIsVisible = 0;
		};
/* End XCConfigurationList section */
	};
	rootObject = A01AA60216F1820B0042A2F0 /* Project object */;
}
